
Microsoft Visual Studio Solution File, Format Version 12.00
# Visual Studio Version 17
VisualStudioVersion = 17.8.34309.116
MinimumVisualStudioVersion = 10.0.40219.1
Project("{FAE04EC0-301F-11D3-BF4B-00C04F79EFBC}") = "AISchoolManagementApp", "AISchoolManagementApp.csproj", "{8419674A-4857-4912-AE54-A29E7EB31CAB}"
EndProject
Global
	GlobalSection(SolutionConfigurationPlatforms) = preSolution
		Debug|Any CPU = Debug|Any CPU
		Release|Any CPU = Release|Any CPU
	EndGlobalSection
	GlobalSection(ProjectConfigurationPlatforms) = postSolution
		{8419674A-4857-4912-AE54-A29E7EB31CAB}.Debug|Any CPU.ActiveCfg = Debug|Any CPU
		{8419674A-4857-4912-AE54-A29E7EB31CAB}.Debug|Any CPU.Build.0 = Debug|Any CPU
		{8419674A-4857-4912-AE54-A29E7EB31CAB}.Debug|Any CPU.Deploy.0 = Debug|Any CPU
		{8419674A-4857-4912-AE54-A29E7EB31CAB}.Release|Any CPU.ActiveCfg = Release|Any CPU
		{8419674A-4857-4912-AE54-A29E7EB31CAB}.Release|Any CPU.Build.0 = Release|Any CPU
		{8419674A-4857-4912-AE54-A29E7EB31CAB}.Release|Any CPU.Deploy.0 = Release|Any CPU
	EndGlobalSection
	GlobalSection(SolutionProperties) = preSolution
		HideSolutionNode = FALSE
	EndGlobalSection
	GlobalSection(ExtensibilityGlobals) = postSolution
		SolutionGuid = {EBC859AD-5BB0-4076-BF43-1A268E35CE83}
	EndGlobalSection
EndGlobal
